
Microsoft Visual Studio Solution File, Format Version 12.00
# Visual Studio Version 17
VisualStudioVersion = 17.0.31919.166
MinimumVisualStudioVersion = 10.0.40219.1
Project("{FAE04EC0-301F-11D3-BF4B-00C04F79EFBC}") = "TransportManagement", "TransportManagement\TransportManagement.csproj", "{B0372A79-BF00-44EE-A84E-37D66B961AFE}"
EndProject
Global
	GlobalSection(SolutionConfigurationPlatforms) = preSolution
		Debug|Any CPU = Debug|Any CPU
		Release|Any CPU = Release|Any CPU
	EndGlobalSection
	GlobalSection(ProjectConfigurationPlatforms) = postSolution
		{B0372A79-BF00-44EE-A84E-37D66B961AFE}.Debug|Any CPU.ActiveCfg = Debug|Any CPU
		{B0372A79-BF00-44EE-A84E-37D66B961AFE}.Debug|Any CPU.Build.0 = Debug|Any CPU
		{B0372A79-BF00-44EE-A84E-37D66B961AFE}.Release|Any CPU.ActiveCfg = Release|Any CPU
		{B0372A79-BF00-44EE-A84E-37D66B961AFE}.Release|Any CPU.Build.0 = Release|Any CPU
	EndGlobalSection
	GlobalSection(SolutionProperties) = preSolution
		HideSolutionNode = FALSE
	EndGlobalSection
	GlobalSection(ExtensibilityGlobals) = postSolution
		SolutionGuid = {9C9D7454-9303-449A-B820-8656EF830B16}
	EndGlobalSection
EndGlobal
